
Microsoft Visual Studio Solution File, Format Version 12.00
# Visual Studio Version 17
VisualStudioVersion = 17.0.31903.59
MinimumVisualStudioVersion = 10.0.40219.1
Project("{2150E333-8FDC-42A3-9474-1A3956D46DE8}") = "src", "src", "{827E0CD3-B72D-47B6-A68D-7590B98EB39B}"
EndProject
Project("{FAE04EC0-301F-11D3-BF4B-00C04F79EFBC}") = "FantasyRealm.Api", "src\FantasyRealm.Api\FantasyRealm.Api.csproj", "{C2081E3A-A671-4F7D-8112-272D516E195F}"
EndProject
Project("{FAE04EC0-301F-11D3-BF4B-00C04F79EFBC}") = "FantasyRealm.Application", "src\FantasyRealm.Application\FantasyRealm.Application.csproj", "{F4A08F55-A8F6-4516-9753-8063CCC8DF84}"
EndProject
Project("{FAE04EC0-301F-11D3-BF4B-00C04F79EFBC}") = "FantasyRealm.Domain", "src\FantasyRealm.Domain\FantasyRealm.Domain.csproj", "{4FD308BD-4053-45FA-9CE0-87A4DC33E80B}"
EndProject
Project("{FAE04EC0-301F-11D3-BF4B-00C04F79EFBC}") = "FantasyRealm.Infrastructure", "src\FantasyRealm.Infrastructure\FantasyRealm.Infrastructure.csproj", "{324DA999-AD70-440C-97BA-78B01003177B}"
EndProject
Project("{2150E333-8FDC-42A3-9474-1A3956D46DE8}") = "tests", "tests", "{0AB3BF05-4346-4AA6-1389-037BE0695223}"
EndProject
Project("{FAE04EC0-301F-11D3-BF4B-00C04F79EFBC}") = "FantasyRealm.Tests.Unit", "tests\FantasyRealm.Tests.Unit\FantasyRealm.Tests.Unit.csproj", "{39D451D8-EF35-43E7-A9B9-051BA0D3CE8C}"
EndProject
Project("{FAE04EC0-301F-11D3-BF4B-00C04F79EFBC}") = "FantasyRealm.Tests.Integration", "tests\FantasyRealm.Tests.Integration\FantasyRealm.Tests.Integration.csproj", "{DDDDA80C-439A-4A1E-B5A8-4562AEC426D2}"
EndProject
Global
	GlobalSection(SolutionConfigurationPlatforms) = preSolution
		Debug|Any CPU = Debug|Any CPU
		Debug|x64 = Debug|x64
		Debug|x86 = Debug|x86
		Release|Any CPU = Release|Any CPU
		Release|x64 = Release|x64
		Release|x86 = Release|x86
	EndGlobalSection
	GlobalSection(ProjectConfigurationPlatforms) = postSolution
		{C2081E3A-A671-4F7D-8112-272D516E195F}.Debug|Any CPU.ActiveCfg = Debug|Any CPU
		{C2081E3A-A671-4F7D-8112-272D516E195F}.Debug|Any CPU.Build.0 = Debug|Any CPU
		{C2081E3A-A671-4F7D-8112-272D516E195F}.Debug|x64.ActiveCfg = Debug|Any CPU
		{C2081E3A-A671-4F7D-8112-272D516E195F}.Debug|x64.Build.0 = Debug|Any CPU
		{C2081E3A-A671-4F7D-8112-272D516E195F}.Debug|x86.ActiveCfg = Debug|Any CPU
		{C2081E3A-A671-4F7D-8112-272D516E195F}.Debug|x86.Build.0 = Debug|Any CPU
		{C2081E3A-A671-4F7D-8112-272D516E195F}.Release|Any CPU.ActiveCfg = Release|Any CPU
		{C2081E3A-A671-4F7D-8112-272D516E195F}.Release|Any CPU.Build.0 = Release|Any CPU
		{C2081E3A-A671-4F7D-8112-272D516E195F}.Release|x64.ActiveCfg = Release|Any CPU
		{C2081E3A-A671-4F7D-8112-272D516E195F}.Release|x64.Build.0 = Release|Any CPU
		{C2081E3A-A671-4F7D-8112-272D516E195F}.Release|x86.ActiveCfg = Release|Any CPU
		{C2081E3A-A671-4F7D-8112-272D516E195F}.Release|x86.Build.0 = Release|Any CPU
		{F4A08F55-A8F6-4516-9753-8063CCC8DF84}.Debug|Any CPU.ActiveCfg = Debug|Any CPU
		{F4A08F55-A8F6-4516-9753-8063CCC8DF84}.Debug|Any CPU.Build.0 = Debug|Any CPU
		{F4A08F55-A8F6-4516-9753-8063CCC8DF84}.Debug|x64.ActiveCfg = Debug|Any CPU
		{F4A08F55-A8F6-4516-9753-8063CCC8DF84}.Debug|x64.Build.0 = Debug|Any CPU
		{F4A08F55-A8F6-4516-9753-8063CCC8DF84}.Debug|x86.ActiveCfg = Debug|Any CPU
		{F4A08F55-A8F6-4516-9753-8063CCC8DF84}.Debug|x86.Build.0 = Debug|Any CPU
		{F4A08F55-A8F6-4516-9753-8063CCC8DF84}.Release|Any CPU.ActiveCfg = Release|Any CPU
		{F4A08F55-A8F6-4516-9753-8063CCC8DF84}.Release|Any CPU.Build.0 = Release|Any CPU
		{F4A08F55-A8F6-4516-9753-8063CCC8DF84}.Release|x64.ActiveCfg = Release|Any CPU
		{F4A08F55-A8F6-4516-9753-8063CCC8DF84}.Release|x64.Build.0 = Release|Any CPU
		{F4A08F55-A8F6-4516-9753-8063CCC8DF84}.Release|x86.ActiveCfg = Release|Any CPU
		{F4A08F55-A8F6-4516-9753-8063CCC8DF84}.Release|x86.Build.0 = Release|Any CPU
		{4FD308BD-4053-45FA-9CE0-87A4DC33E80B}.Debug|Any CPU.ActiveCfg = Debug|Any CPU
		{4FD308BD-4053-45FA-9CE0-87A4DC33E80B}.Debug|Any CPU.Build.0 = Debug|Any CPU
		{4FD308BD-4053-45FA-9CE0-87A4DC33E80B}.Debug|x64.ActiveCfg = Debug|Any CPU
		{4FD308BD-4053-45FA-9CE0-87A4DC33E80B}.Debug|x64.Build.0 = Debug|Any CPU
		{4FD308BD-4053-45FA-9CE0-87A4DC33E80B}.Debug|x86.ActiveCfg = Debug|Any CPU
		{4FD308BD-4053-45FA-9CE0-87A4DC33E80B}.Debug|x86.Build.0 = Debug|Any CPU
		{4FD308BD-4053-45FA-9CE0-87A4DC33E80B}.Release|Any CPU.ActiveCfg = Release|Any CPU
		{4FD308BD-4053-45FA-9CE0-87A4DC33E80B}.Release|Any CPU.Build.0 = Release|Any CPU
		{4FD308BD-4053-45FA-9CE0-87A4DC33E80B}.Release|x64.ActiveCfg = Release|Any CPU
		{4FD308BD-4053-45FA-9CE0-87A4DC33E80B}.Release|x64.Build.0 = Release|Any CPU
		{4FD308BD-4053-45FA-9CE0-87A4DC33E80B}.Release|x86.ActiveCfg = Release|Any CPU
		{4FD308BD-4053-45FA-9CE0-87A4DC33E80B}.Release|x86.Build.0 = Release|Any CPU
		{324DA999-AD70-440C-97BA-78B01003177B}.Debug|Any CPU.ActiveCfg = Debug|Any CPU
		{324DA999-AD70-440C-97BA-78B01003177B}.Debug|Any CPU.Build.0 = Debug|Any CPU
		{324DA999-AD70-440C-97BA-78B01003177B}.Debug|x64.ActiveCfg = Debug|Any CPU
		{324DA999-AD70-440C-97BA-78B01003177B}.Debug|x64.Build.0 = Debug|Any CPU
		{324DA999-AD70-440C-97BA-78B01003177B}.Debug|x86.ActiveCfg = Debug|Any CPU
		{324DA999-AD70-440C-97BA-78B01003177B}.Debug|x86.Build.0 = Debug|Any CPU
		{324DA999-AD70-440C-97BA-78B01003177B}.Release|Any CPU.ActiveCfg = Release|Any CPU
		{324DA999-AD70-440C-97BA-78B01003177B}.Release|Any CPU.Build.0 = Release|Any CPU
		{324DA999-AD70-440C-97BA-78B01003177B}.Release|x64.ActiveCfg = Release|Any CPU
		{324DA999-AD70-440C-97BA-78B01003177B}.Release|x64.Build.0 = Release|Any CPU
		{324DA999-AD70-440C-97BA-78B01003177B}.Release|x86.ActiveCfg = Release|Any CPU
		{324DA999-AD70-440C-97BA-78B01003177B}.Release|x86.Build.0 = Release|Any CPU
		{39D451D8-EF35-43E7-A9B9-051BA0D3CE8C}.Debug|Any CPU.ActiveCfg = Debug|Any CPU
		{39D451D8-EF35-43E7-A9B9-051BA0D3CE8C}.Debug|Any CPU.Build.0 = Debug|Any CPU
		{39D451D8-EF35-43E7-A9B9-051BA0D3CE8C}.Debug|x64.ActiveCfg = Debug|Any CPU
		{39D451D8-EF35-43E7-A9B9-051BA0D3CE8C}.Debug|x64.Build.0 = Debug|Any CPU
		{39D451D8-EF35-43E7-A9B9-051BA0D3CE8C}.Debug|x86.ActiveCfg = Debug|Any CPU
		{39D451D8-EF35-43E7-A9B9-051BA0D3CE8C}.Debug|x86.Build.0 = Debug|Any CPU
		{39D451D8-EF35-43E7-A9B9-051BA0D3CE8C}.Release|Any CPU.ActiveCfg = Release|Any CPU
		{39D451D8-EF35-43E7-A9B9-051BA0D3CE8C}.Release|Any CPU.Build.0 = Release|Any CPU
		{39D451D8-EF35-43E7-A9B9-051BA0D3CE8C}.Release|x64.ActiveCfg = Release|Any CPU
		{39D451D8-EF35-43E7-A9B9-051BA0D3CE8C}.Release|x64.Build.0 = Release|Any CPU
		{39D451D8-EF35-43E7-A9B9-051BA0D3CE8C}.Release|x86.ActiveCfg = Release|Any CPU
		{39D451D8-EF35-43E7-A9B9-051BA0D3CE8C}.Release|x86.Build.0 = Release|Any CPU
		{DDDDA80C-439A-4A1E-B5A8-4562AEC426D2}.Debug|Any CPU.ActiveCfg = Debug|Any CPU
		{DDDDA80C-439A-4A1E-B5A8-4562AEC426D2}.Debug|Any CPU.Build.0 = Debug|Any CPU
		{DDDDA80C-439A-4A1E-B5A8-4562AEC426D2}.Debug|x64.ActiveCfg = Debug|Any CPU
		{DDDDA80C-439A-4A1E-B5A8-4562AEC426D2}.Debug|x64.Build.0 = Debug|Any CPU
		{DDDDA80C-439A-4A1E-B5A8-4562AEC426D2}.Debug|x86.ActiveCfg = Debug|Any CPU
		{DDDDA80C-439A-4A1E-B5A8-4562AEC426D2}.Debug|x86.Build.0 = Debug|Any CPU
		{DDDDA80C-439A-4A1E-B5A8-4562AEC426D2}.Release|Any CPU.ActiveCfg = Release|Any CPU
		{DDDDA80C-439A-4A1E-B5A8-4562AEC426D2}.Release|Any CPU.Build.0 = Release|Any CPU
		{DDDDA80C-439A-4A1E-B5A8-4562AEC426D2}.Release|x64.ActiveCfg = Release|Any CPU
		{DDDDA80C-439A-4A1E-B5A8-4562AEC426D2}.Release|x64.Build.0 = Release|Any CPU
		{DDDDA80C-439A-4A1E-B5A8-4562AEC426D2}.Release|x86.ActiveCfg = Release|Any CPU
		{DDDDA80C-439A-4A1E-B5A8-4562AEC426D2}.Release|x86.Build.0 = Release|Any CPU
	EndGlobalSection
	GlobalSection(SolutionProperties) = preSolution
		HideSolutionNode = FALSE
	EndGlobalSection
	GlobalSection(NestedProjects) = preSolution
		{C2081E3A-A671-4F7D-8112-272D516E195F} = {827E0CD3-B72D-47B6-A68D-7590B98EB39B}
		{F4A08F55-A8F6-4516-9753-8063CCC8DF84} = {827E0CD3-B72D-47B6-A68D-7590B98EB39B}
		{4FD308BD-4053-45FA-9CE0-87A4DC33E80B} = {827E0CD3-B72D-47B6-A68D-7590B98EB39B}
		{324DA999-AD70-440C-97BA-78B01003177B} = {827E0CD3-B72D-47B6-A68D-7590B98EB39B}
		{39D451D8-EF35-43E7-A9B9-051BA0D3CE8C} = {0AB3BF05-4346-4AA6-1389-037BE0695223}
		{DDDDA80C-439A-4A1E-B5A8-4562AEC426D2} = {0AB3BF05-4346-4AA6-1389-037BE0695223}
	EndGlobalSection
EndGlobal
